
Microsoft Visual Studio Solution File, Format Version 12.00
# Visual Studio Version 17
VisualStudioVersion = 17.5.002.0
MinimumVisualStudioVersion = 10.0.40219.1
Project("{9A19103F-16F7-4668-BE54-9A1E7A4F7556}") = "Week1", "Week1.csproj", "{A26E0CF6-570D-4995-822A-287B4A395BB5}"
EndProject
Global
	GlobalSection(SolutionConfigurationPlatforms) = preSolution
		Debug|Any CPU = Debug|Any CPU
		Release|Any CPU = Release|Any CPU
	EndGlobalSection
	GlobalSection(ProjectConfigurationPlatforms) = postSolution
		{A26E0CF6-570D-4995-822A-287B4A395BB5}.Debug|Any CPU.ActiveCfg = Debug|Any CPU
		{A26E0CF6-570D-4995-822A-287B4A395BB5}.Debug|Any CPU.Build.0 = Debug|Any CPU
		{A26E0CF6-570D-4995-822A-287B4A395BB5}.Release|Any CPU.ActiveCfg = Release|Any CPU
		{A26E0CF6-570D-4995-822A-287B4A395BB5}.Release|Any CPU.Build.0 = Release|Any CPU
	EndGlobalSection
	GlobalSection(SolutionProperties) = preSolution
		HideSolutionNode = FALSE
	EndGlobalSection
	GlobalSection(ExtensibilityGlobals) = postSolution
		SolutionGuid = {D32D9C79-490A-4993-9AE1-5DAA6AAE6204}
	EndGlobalSection
EndGlobal
