
Microsoft Visual Studio Solution File, Format Version 12.00
# Visual Studio Version 17
VisualStudioVersion = 17.5.002.0
MinimumVisualStudioVersion = 10.0.40219.1
Project("{9A19103F-16F7-4668-BE54-9A1E7A4F7556}") = "Week2", "Week2.csproj", "{793C6E1D-4F88-4E84-A150-577E4195B05B}"
EndProject
Global
	GlobalSection(SolutionConfigurationPlatforms) = preSolution
		Debug|Any CPU = Debug|Any CPU
		Release|Any CPU = Release|Any CPU
	EndGlobalSection
	GlobalSection(ProjectConfigurationPlatforms) = postSolution
		{793C6E1D-4F88-4E84-A150-577E4195B05B}.Debug|Any CPU.ActiveCfg = Debug|Any CPU
		{793C6E1D-4F88-4E84-A150-577E4195B05B}.Debug|Any CPU.Build.0 = Debug|Any CPU
		{793C6E1D-4F88-4E84-A150-577E4195B05B}.Release|Any CPU.ActiveCfg = Release|Any CPU
		{793C6E1D-4F88-4E84-A150-577E4195B05B}.Release|Any CPU.Build.0 = Release|Any CPU
	EndGlobalSection
	GlobalSection(SolutionProperties) = preSolution
		HideSolutionNode = FALSE
	EndGlobalSection
	GlobalSection(ExtensibilityGlobals) = postSolution
		SolutionGuid = {09355E57-5E70-4CE6-BEB8-F45D6E3EC0C6}
	EndGlobalSection
EndGlobal
