
Microsoft Visual Studio Solution File, Format Version 12.00
# Visual Studio Version 17
VisualStudioVersion = 17.5.002.0
MinimumVisualStudioVersion = 10.0.40219.1
Project("{9A19103F-16F7-4668-BE54-9A1E7A4F7556}") = "Week3", "Week3.csproj", "{76494342-9611-4AD3-8EBE-A8028F6BD6A4}"
EndProject
Global
	GlobalSection(SolutionConfigurationPlatforms) = preSolution
		Debug|Any CPU = Debug|Any CPU
		Release|Any CPU = Release|Any CPU
	EndGlobalSection
	GlobalSection(ProjectConfigurationPlatforms) = postSolution
		{76494342-9611-4AD3-8EBE-A8028F6BD6A4}.Debug|Any CPU.ActiveCfg = Debug|Any CPU
		{76494342-9611-4AD3-8EBE-A8028F6BD6A4}.Debug|Any CPU.Build.0 = Debug|Any CPU
		{76494342-9611-4AD3-8EBE-A8028F6BD6A4}.Release|Any CPU.ActiveCfg = Release|Any CPU
		{76494342-9611-4AD3-8EBE-A8028F6BD6A4}.Release|Any CPU.Build.0 = Release|Any CPU
	EndGlobalSection
	GlobalSection(SolutionProperties) = preSolution
		HideSolutionNode = FALSE
	EndGlobalSection
	GlobalSection(ExtensibilityGlobals) = postSolution
		SolutionGuid = {37A7DD5C-5618-4068-93C0-505F5E0DA060}
	EndGlobalSection
EndGlobal
